// !$*UTF8*$!
{
	archiveVersion = 1;
	classes = {
	};
	objectVersion = 50;
	objects = {

/* Begin PBXBuildFile section */
		162FB6C9252C1BD70D2AB689 /* Pods_Youtube.framework in Frameworks */ = {isa = PBXBuildFile; fileRef = C466C1BEDF972DC14EB8E99F /* Pods_Youtube.framework */; };
		2DBA584537315E766CADB062 /* Pods_YoutubeTests.framework in Frameworks */ = {isa = PBXBuildFile; fileRef = 53D272CA6330DD90BC1337EF /* Pods_YoutubeTests.framework */; };
		7743E18D20C78042008806A3 /* HomeVC.swift in Sources */ = {isa = PBXBuildFile; fileRef = 7743E18C20C78042008806A3 /* HomeVC.swift */; };
		7743E19320C781AC008806A3 /* FirstSB.storyboard in Resources */ = {isa = PBXBuildFile; fileRef = 7743E19520C781AC008806A3 /* FirstSB.storyboard */; };
		7743E19A20C781B9008806A3 /* SecondSB.storyboard in Resources */ = {isa = PBXBuildFile; fileRef = 7743E19C20C781B9008806A3 /* SecondSB.storyboard */; };
		7743E1A120C781C5008806A3 /* ThirdSB.storyboard in Resources */ = {isa = PBXBuildFile; fileRef = 7743E1A320C781C5008806A3 /* ThirdSB.storyboard */; };
		7743E1A820C781CD008806A3 /* FourthSB.storyboard in Resources */ = {isa = PBXBuildFile; fileRef = 7743E1AA20C781CD008806A3 /* FourthSB.storyboard */; };
		77965F4320CB699C006C4E0F /* HomeTableDataSource.swift in Sources */ = {isa = PBXBuildFile; fileRef = 77965F4220CB699C006C4E0F /* HomeTableDataSource.swift */; };
		77965F4E20CB6B69006C4E0F /* UITableViewModel.swift in Sources */ = {isa = PBXBuildFile; fileRef = 77965F4720CB6B68006C4E0F /* UITableViewModel.swift */; };
		77965F4F20CB6B69006C4E0F /* DefaultUITableViewDataSource.swift in Sources */ = {isa = PBXBuildFile; fileRef = 77965F4820CB6B68006C4E0F /* DefaultUITableViewDataSource.swift */; };
		77965F5120CB6B69006C4E0F /* SeparateLineTableViewCell.xib in Resources */ = {isa = PBXBuildFile; fileRef = 77965F4A20CB6B69006C4E0F /* SeparateLineTableViewCell.xib */; };
		77965F5220CB6B69006C4E0F /* SeparateLineTableViewCell.swift in Sources */ = {isa = PBXBuildFile; fileRef = 77965F4B20CB6B69006C4E0F /* SeparateLineTableViewCell.swift */; };
		77965F5320CB6B69006C4E0F /* UITableViewSectionModel.swift in Sources */ = {isa = PBXBuildFile; fileRef = 77965F4C20CB6B69006C4E0F /* UITableViewSectionModel.swift */; };
		77965F5420CB6B69006C4E0F /* UITableViewCellModel.swift in Sources */ = {isa = PBXBuildFile; fileRef = 77965F4D20CB6B69006C4E0F /* UITableViewCellModel.swift */; };
		77E2FE4920CB6DA900FFF34C /* VideoTableViewCell.swift in Sources */ = {isa = PBXBuildFile; fileRef = 77E2FE4720CB6DA900FFF34C /* VideoTableViewCell.swift */; };
		77E2FE4A20CB6DA900FFF34C /* VideoTableViewCell.xib in Resources */ = {isa = PBXBuildFile; fileRef = 77E2FE4820CB6DA900FFF34C /* VideoTableViewCell.xib */; };
		77E2FE5120CB6E2E00FFF34C /* ServerReturnCode.swift in Sources */ = {isa = PBXBuildFile; fileRef = 77E2FE4D20CB6E2E00FFF34C /* ServerReturnCode.swift */; };
		77E2FE5220CB6E2E00FFF34C /* NetworkingError.swift in Sources */ = {isa = PBXBuildFile; fileRef = 77E2FE4E20CB6E2E00FFF34C /* NetworkingError.swift */; };
		77E2FE5320CB6E2E00FFF34C /* ServerMethod.swift in Sources */ = {isa = PBXBuildFile; fileRef = 77E2FE4F20CB6E2E00FFF34C /* ServerMethod.swift */; };
		77E2FE5420CB6E2E00FFF34C /* Networking.swift in Sources */ = {isa = PBXBuildFile; fileRef = 77E2FE5020CB6E2E00FFF34C /* Networking.swift */; };
		77E2FE5720CB6E6900FFF34C /* print.swift in Sources */ = {isa = PBXBuildFile; fileRef = 77E2FE5620CB6E6900FFF34C /* print.swift */; };
		77E2FE5A20CB6E8E00FFF34C /* Dictionary.swift in Sources */ = {isa = PBXBuildFile; fileRef = 77E2FE5920CB6E8E00FFF34C /* Dictionary.swift */; };
		77E2FE5C20CB6FCF00FFF34C /* HomeCollectionViewDS.swift in Sources */ = {isa = PBXBuildFile; fileRef = 77E2FE5B20CB6FCF00FFF34C /* HomeCollectionViewDS.swift */; };
		77E2FE5F20CB701800FFF34C /* HomeCollectionViewCellModel.swift in Sources */ = {isa = PBXBuildFile; fileRef = 77E2FE5E20CB701800FFF34C /* HomeCollectionViewCellModel.swift */; };
		77E2FE6220CB703F00FFF34C /* UICollectionViewModel.swift in Sources */ = {isa = PBXBuildFile; fileRef = 77E2FE6120CB703F00FFF34C /* UICollectionViewModel.swift */; };
		77E2FE6520CB710900FFF34C /* HomeCollectionViewCell.swift in Sources */ = {isa = PBXBuildFile; fileRef = 77E2FE6320CB710900FFF34C /* HomeCollectionViewCell.swift */; };
		77E2FE6620CB710900FFF34C /* HomeCollectionViewCell.xib in Resources */ = {isa = PBXBuildFile; fileRef = 77E2FE6420CB710900FFF34C /* HomeCollectionViewCell.xib */; };
		77E2FE6820CB713900FFF34C /* UICollectionViewCellModel.swift in Sources */ = {isa = PBXBuildFile; fileRef = 77E2FE6720CB713900FFF34C /* UICollectionViewCellModel.swift */; };
		77E2FE6A20CB746100FFF34C /* UICollectionViewSectionModel.swift in Sources */ = {isa = PBXBuildFile; fileRef = 77E2FE6920CB746100FFF34C /* UICollectionViewSectionModel.swift */; };
		77EE700220858C830065850D /* AppDelegate.swift in Sources */ = {isa = PBXBuildFile; fileRef = 77EE700120858C830065850D /* AppDelegate.swift */; };
		77EE700720858C830065850D /* Main.storyboard in Resources */ = {isa = PBXBuildFile; fileRef = 77EE700520858C830065850D /* Main.storyboard */; };
		77EE700920858C840065850D /* Assets.xcassets in Resources */ = {isa = PBXBuildFile; fileRef = 77EE700820858C840065850D /* Assets.xcassets */; };
		77EE700C20858C840065850D /* LaunchScreen.storyboard in Resources */ = {isa = PBXBuildFile; fileRef = 77EE700A20858C840065850D /* LaunchScreen.storyboard */; };
		77EE701720858C840065850D /* YoutubeTests.swift in Sources */ = {isa = PBXBuildFile; fileRef = 77EE701620858C840065850D /* YoutubeTests.swift */; };
		77EE702220858C840065850D /* YoutubeUITests.swift in Sources */ = {isa = PBXBuildFile; fileRef = 77EE702120858C840065850D /* YoutubeUITests.swift */; };
		77EE703B2085941A0065850D /* YoutubeAPI.swift in Sources */ = {isa = PBXBuildFile; fileRef = 77EE703A2085941A0065850D /* YoutubeAPI.swift */; };
		B847892984E8B6A1FD99807F /* Pods_YoutubeUITests.framework in Frameworks */ = {isa = PBXBuildFile; fileRef = 02681C3E8BE3E25FA94985DF /* Pods_YoutubeUITests.framework */; };
/* End PBXBuildFile section */

/* Begin PBXContainerItemProxy section */
		77EE701320858C840065850D /* PBXContainerItemProxy */ = {
			isa = PBXContainerItemProxy;
			containerPortal = 77EE6FF620858C830065850D /* Project object */;
			proxyType = 1;
			remoteGlobalIDString = 77EE6FFD20858C830065850D;
			remoteInfo = Youtube;
		};
		77EE701E20858C840065850D /* PBXContainerItemProxy */ = {
			isa = PBXContainerItemProxy;
			containerPortal = 77EE6FF620858C830065850D /* Project object */;
			proxyType = 1;
			remoteGlobalIDString = 77EE6FFD20858C830065850D;
			remoteInfo = Youtube;
		};
/* End PBXContainerItemProxy section */

/* Begin PBXFileReference section */
		02681C3E8BE3E25FA94985DF /* Pods_YoutubeUITests.framework */ = {isa = PBXFileReference; explicitFileType = wrapper.framework; includeInIndex = 0; path = Pods_YoutubeUITests.framework; sourceTree = BUILT_PRODUCTS_DIR; };
		25D9B6E4DBF697672E5E65B0 /* Pods-YoutubeUITests.release.xcconfig */ = {isa = PBXFileReference; includeInIndex = 1; lastKnownFileType = text.xcconfig; name = "Pods-YoutubeUITests.release.xcconfig"; path = "Pods/Target Support Files/Pods-YoutubeUITests/Pods-YoutubeUITests.release.xcconfig"; sourceTree = "<group>"; };
		53D272CA6330DD90BC1337EF /* Pods_YoutubeTests.framework */ = {isa = PBXFileReference; explicitFileType = wrapper.framework; includeInIndex = 0; path = Pods_YoutubeTests.framework; sourceTree = BUILT_PRODUCTS_DIR; };
		73F126C13255AC9BFE8ED962 /* Pods-Youtube.release.xcconfig */ = {isa = PBXFileReference; includeInIndex = 1; lastKnownFileType = text.xcconfig; name = "Pods-Youtube.release.xcconfig"; path = "Pods/Target Support Files/Pods-Youtube/Pods-Youtube.release.xcconfig"; sourceTree = "<group>"; };
		7743E18C20C78042008806A3 /* HomeVC.swift */ = {isa = PBXFileReference; lastKnownFileType = sourcecode.swift; path = HomeVC.swift; sourceTree = "<group>"; };
		7743E19020C78185008806A3 /* zh-Hans */ = {isa = PBXFileReference; lastKnownFileType = text.plist.strings; name = "zh-Hans"; path = "zh-Hans.lproj/Main.strings"; sourceTree = "<group>"; };
		7743E19220C7818A008806A3 /* zh-Hant */ = {isa = PBXFileReference; lastKnownFileType = text.plist.strings; name = "zh-Hant"; path = "zh-Hant.lproj/Main.strings"; sourceTree = "<group>"; };
		7743E19420C781AC008806A3 /* Base */ = {isa = PBXFileReference; lastKnownFileType = file.storyboard; name = Base; path = Base.lproj/FirstSB.storyboard; sourceTree = "<group>"; };
		7743E19720C781B0008806A3 /* zh-Hans */ = {isa = PBXFileReference; lastKnownFileType = text.plist.strings; name = "zh-Hans"; path = "zh-Hans.lproj/FirstSB.strings"; sourceTree = "<group>"; };
		7743E19920C781B1008806A3 /* zh-Hant */ = {isa = PBXFileReference; lastKnownFileType = text.plist.strings; name = "zh-Hant"; path = "zh-Hant.lproj/FirstSB.strings"; sourceTree = "<group>"; };
		7743E19B20C781B9008806A3 /* Base */ = {isa = PBXFileReference; lastKnownFileType = file.storyboard; name = Base; path = Base.lproj/SecondSB.storyboard; sourceTree = "<group>"; };
		7743E19E20C781BB008806A3 /* zh-Hans */ = {isa = PBXFileReference; lastKnownFileType = text.plist.strings; name = "zh-Hans"; path = "zh-Hans.lproj/SecondSB.strings"; sourceTree = "<group>"; };
		7743E1A020C781BF008806A3 /* zh-Hant */ = {isa = PBXFileReference; lastKnownFileType = text.plist.strings; name = "zh-Hant"; path = "zh-Hant.lproj/SecondSB.strings"; sourceTree = "<group>"; };
		7743E1A220C781C5008806A3 /* Base */ = {isa = PBXFileReference; lastKnownFileType = file.storyboard; name = Base; path = Base.lproj/ThirdSB.storyboard; sourceTree = "<group>"; };
		7743E1A520C781C8008806A3 /* zh-Hans */ = {isa = PBXFileReference; lastKnownFileType = text.plist.strings; name = "zh-Hans"; path = "zh-Hans.lproj/ThirdSB.strings"; sourceTree = "<group>"; };
		7743E1A720C781C9008806A3 /* zh-Hant */ = {isa = PBXFileReference; lastKnownFileType = text.plist.strings; name = "zh-Hant"; path = "zh-Hant.lproj/ThirdSB.strings"; sourceTree = "<group>"; };
		7743E1A920C781CD008806A3 /* Base */ = {isa = PBXFileReference; lastKnownFileType = file.storyboard; name = Base; path = Base.lproj/FourthSB.storyboard; sourceTree = "<group>"; };
		7743E1AC20C781CF008806A3 /* zh-Hans */ = {isa = PBXFileReference; lastKnownFileType = text.plist.strings; name = "zh-Hans"; path = "zh-Hans.lproj/FourthSB.strings"; sourceTree = "<group>"; };
		7743E1AE20C781D0008806A3 /* zh-Hant */ = {isa = PBXFileReference; lastKnownFileType = text.plist.strings; name = "zh-Hant"; path = "zh-Hant.lproj/FourthSB.strings"; sourceTree = "<group>"; };
		7743E1B220C7834A008806A3 /* Info.plist */ = {isa = PBXFileReference; fileEncoding = 4; lastKnownFileType = text.plist.xml; path = Info.plist; sourceTree = "<group>"; };
		7743E1B520C787EB008806A3 /* en */ = {isa = PBXFileReference; lastKnownFileType = text.plist.strings; name = en; path = en.lproj/Main.strings; sourceTree = "<group>"; };
		77965F4220CB699C006C4E0F /* HomeTableDataSource.swift */ = {isa = PBXFileReference; lastKnownFileType = sourcecode.swift; path = HomeTableDataSource.swift; sourceTree = "<group>"; };
		77965F4720CB6B68006C4E0F /* UITableViewModel.swift */ = {isa = PBXFileReference; fileEncoding = 4; lastKnownFileType = sourcecode.swift; path = UITableViewModel.swift; sourceTree = "<group>"; };
		77965F4820CB6B68006C4E0F /* DefaultUITableViewDataSource.swift */ = {isa = PBXFileReference; fileEncoding = 4; lastKnownFileType = sourcecode.swift; path = DefaultUITableViewDataSource.swift; sourceTree = "<group>"; };
		77965F4A20CB6B69006C4E0F /* SeparateLineTableViewCell.xib */ = {isa = PBXFileReference; fileEncoding = 4; lastKnownFileType = file.xib; path = SeparateLineTableViewCell.xib; sourceTree = "<group>"; };
		77965F4B20CB6B69006C4E0F /* SeparateLineTableViewCell.swift */ = {isa = PBXFileReference; fileEncoding = 4; lastKnownFileType = sourcecode.swift; path = SeparateLineTableViewCell.swift; sourceTree = "<group>"; };
		77965F4C20CB6B69006C4E0F /* UITableViewSectionModel.swift */ = {isa = PBXFileReference; fileEncoding = 4; lastKnownFileType = sourcecode.swift; path = UITableViewSectionModel.swift; sourceTree = "<group>"; };
		77965F4D20CB6B69006C4E0F /* UITableViewCellModel.swift */ = {isa = PBXFileReference; fileEncoding = 4; lastKnownFileType = sourcecode.swift; path = UITableViewCellModel.swift; sourceTree = "<group>"; };
		77E2FE4720CB6DA900FFF34C /* VideoTableViewCell.swift */ = {isa = PBXFileReference; lastKnownFileType = sourcecode.swift; path = VideoTableViewCell.swift; sourceTree = "<group>"; };
		77E2FE4820CB6DA900FFF34C /* VideoTableViewCell.xib */ = {isa = PBXFileReference; lastKnownFileType = file.xib; path = VideoTableViewCell.xib; sourceTree = "<group>"; };
		77E2FE4D20CB6E2E00FFF34C /* ServerReturnCode.swift */ = {isa = PBXFileReference; fileEncoding = 4; lastKnownFileType = sourcecode.swift; path = ServerReturnCode.swift; sourceTree = "<group>"; };
		77E2FE4E20CB6E2E00FFF34C /* NetworkingError.swift */ = {isa = PBXFileReference; fileEncoding = 4; lastKnownFileType = sourcecode.swift; path = NetworkingError.swift; sourceTree = "<group>"; };
		77E2FE4F20CB6E2E00FFF34C /* ServerMethod.swift */ = {isa = PBXFileReference; fileEncoding = 4; lastKnownFileType = sourcecode.swift; path = ServerMethod.swift; sourceTree = "<group>"; };
		77E2FE5020CB6E2E00FFF34C /* Networking.swift */ = {isa = PBXFileReference; fileEncoding = 4; lastKnownFileType = sourcecode.swift; path = Networking.swift; sourceTree = "<group>"; };
		77E2FE5620CB6E6900FFF34C /* print.swift */ = {isa = PBXFileReference; fileEncoding = 4; lastKnownFileType = sourcecode.swift; path = print.swift; sourceTree = "<group>"; };
		77E2FE5920CB6E8E00FFF34C /* Dictionary.swift */ = {isa = PBXFileReference; fileEncoding = 4; lastKnownFileType = sourcecode.swift; path = Dictionary.swift; sourceTree = "<group>"; };
		77E2FE5B20CB6FCF00FFF34C /* HomeCollectionViewDS.swift */ = {isa = PBXFileReference; lastKnownFileType = sourcecode.swift; path = HomeCollectionViewDS.swift; sourceTree = "<group>"; };
		77E2FE5E20CB701800FFF34C /* HomeCollectionViewCellModel.swift */ = {isa = PBXFileReference; lastKnownFileType = sourcecode.swift; path = HomeCollectionViewCellModel.swift; sourceTree = "<group>"; };
		77E2FE6120CB703F00FFF34C /* UICollectionViewModel.swift */ = {isa = PBXFileReference; fileEncoding = 4; lastKnownFileType = sourcecode.swift; path = UICollectionViewModel.swift; sourceTree = "<group>"; };
		77E2FE6320CB710900FFF34C /* HomeCollectionViewCell.swift */ = {isa = PBXFileReference; lastKnownFileType = sourcecode.swift; path = HomeCollectionViewCell.swift; sourceTree = "<group>"; };
		77E2FE6420CB710900FFF34C /* HomeCollectionViewCell.xib */ = {isa = PBXFileReference; lastKnownFileType = file.xib; path = HomeCollectionViewCell.xib; sourceTree = "<group>"; };
		77E2FE6720CB713900FFF34C /* UICollectionViewCellModel.swift */ = {isa = PBXFileReference; lastKnownFileType = sourcecode.swift; path = UICollectionViewCellModel.swift; sourceTree = "<group>"; };
		77E2FE6920CB746100FFF34C /* UICollectionViewSectionModel.swift */ = {isa = PBXFileReference; lastKnownFileType = sourcecode.swift; path = UICollectionViewSectionModel.swift; sourceTree = "<group>"; };
		77EE6FFE20858C830065850D /* Youtube.app */ = {isa = PBXFileReference; explicitFileType = wrapper.application; includeInIndex = 0; path = Youtube.app; sourceTree = BUILT_PRODUCTS_DIR; };
		77EE700120858C830065850D /* AppDelegate.swift */ = {isa = PBXFileReference; lastKnownFileType = sourcecode.swift; path = AppDelegate.swift; sourceTree = "<group>"; };
		77EE700620858C830065850D /* Base */ = {isa = PBXFileReference; lastKnownFileType = file.storyboard; name = Base; path = Base.lproj/Main.storyboard; sourceTree = "<group>"; };
		77EE700820858C840065850D /* Assets.xcassets */ = {isa = PBXFileReference; lastKnownFileType = folder.assetcatalog; path = Assets.xcassets; sourceTree = "<group>"; };
		77EE700B20858C840065850D /* Base */ = {isa = PBXFileReference; lastKnownFileType = file.storyboard; name = Base; path = Base.lproj/LaunchScreen.storyboard; sourceTree = "<group>"; };
		77EE701220858C840065850D /* YoutubeTests.xctest */ = {isa = PBXFileReference; explicitFileType = wrapper.cfbundle; includeInIndex = 0; path = YoutubeTests.xctest; sourceTree = BUILT_PRODUCTS_DIR; };
		77EE701620858C840065850D /* YoutubeTests.swift */ = {isa = PBXFileReference; lastKnownFileType = sourcecode.swift; path = YoutubeTests.swift; sourceTree = "<group>"; };
		77EE701820858C840065850D /* Info.plist */ = {isa = PBXFileReference; lastKnownFileType = text.plist.xml; path = Info.plist; sourceTree = "<group>"; };
		77EE701D20858C840065850D /* YoutubeUITests.xctest */ = {isa = PBXFileReference; explicitFileType = wrapper.cfbundle; includeInIndex = 0; path = YoutubeUITests.xctest; sourceTree = BUILT_PRODUCTS_DIR; };
		77EE702120858C840065850D /* YoutubeUITests.swift */ = {isa = PBXFileReference; lastKnownFileType = sourcecode.swift; path = YoutubeUITests.swift; sourceTree = "<group>"; };
		77EE702320858C840065850D /* Info.plist */ = {isa = PBXFileReference; lastKnownFileType = text.plist.xml; path = Info.plist; sourceTree = "<group>"; };
		77EE703A2085941A0065850D /* YoutubeAPI.swift */ = {isa = PBXFileReference; lastKnownFileType = sourcecode.swift; path = YoutubeAPI.swift; sourceTree = "<group>"; };
		80F09FF9C61AFEF65DD6E9AF /* Pods-YoutubeTests.release.xcconfig */ = {isa = PBXFileReference; includeInIndex = 1; lastKnownFileType = text.xcconfig; name = "Pods-YoutubeTests.release.xcconfig"; path = "Pods/Target Support Files/Pods-YoutubeTests/Pods-YoutubeTests.release.xcconfig"; sourceTree = "<group>"; };
		8A6D5B67FA40329C1F2D33BE /* Pods-Youtube.debug.xcconfig */ = {isa = PBXFileReference; includeInIndex = 1; lastKnownFileType = text.xcconfig; name = "Pods-Youtube.debug.xcconfig"; path = "Pods/Target Support Files/Pods-Youtube/Pods-Youtube.debug.xcconfig"; sourceTree = "<group>"; };
		C466C1BEDF972DC14EB8E99F /* Pods_Youtube.framework */ = {isa = PBXFileReference; explicitFileType = wrapper.framework; includeInIndex = 0; path = Pods_Youtube.framework; sourceTree = BUILT_PRODUCTS_DIR; };
		CDBF4834A8306FE9D1E934CF /* Pods-YoutubeTests.debug.xcconfig */ = {isa = PBXFileReference; includeInIndex = 1; lastKnownFileType = text.xcconfig; name = "Pods-YoutubeTests.debug.xcconfig"; path = "Pods/Target Support Files/Pods-YoutubeTests/Pods-YoutubeTests.debug.xcconfig"; sourceTree = "<group>"; };
		F24C49EA7E4252210A557CD6 /* Pods-YoutubeUITests.debug.xcconfig */ = {isa = PBXFileReference; includeInIndex = 1; lastKnownFileType = text.xcconfig; name = "Pods-YoutubeUITests.debug.xcconfig"; path = "Pods/Target Support Files/Pods-YoutubeUITests/Pods-YoutubeUITests.debug.xcconfig"; sourceTree = "<group>"; };
/* End PBXFileReference section */

/* Begin PBXFrameworksBuildPhase section */
		77EE6FFB20858C830065850D /* Frameworks */ = {
			isa = PBXFrameworksBuildPhase;
			buildActionMask = 2147483647;
			files = (
				162FB6C9252C1BD70D2AB689 /* Pods_Youtube.framework in Frameworks */,
			);
			runOnlyForDeploymentPostprocessing = 0;
		};
		77EE700F20858C840065850D /* Frameworks */ = {
			isa = PBXFrameworksBuildPhase;
			buildActionMask = 2147483647;
			files = (
				2DBA584537315E766CADB062 /* Pods_YoutubeTests.framework in Frameworks */,
			);
			runOnlyForDeploymentPostprocessing = 0;
		};
		77EE701A20858C840065850D /* Frameworks */ = {
			isa = PBXFrameworksBuildPhase;
			buildActionMask = 2147483647;
			files = (
				B847892984E8B6A1FD99807F /* Pods_YoutubeUITests.framework in Frameworks */,
			);
			runOnlyForDeploymentPostprocessing = 0;
		};
/* End PBXFrameworksBuildPhase section */

/* Begin PBXGroup section */
		73F7AF87501696A99E26BC69 /* Frameworks */ = {
			isa = PBXGroup;
			children = (
				C466C1BEDF972DC14EB8E99F /* Pods_Youtube.framework */,
				53D272CA6330DD90BC1337EF /* Pods_YoutubeTests.framework */,
				02681C3E8BE3E25FA94985DF /* Pods_YoutubeUITests.framework */,
			);
			name = Frameworks;
			sourceTree = "<group>";
		};
		7743E18B20C78032008806A3 /* Home */ = {
			isa = PBXGroup;
			children = (
				77965F4120CB6983006C4E0F /* Controllers */,
				77E2FE5D20CB6FFE00FFF34C /* Model */,
				77E2FE4620CB6D8500FFF34C /* Views */,
			);
			path = Home;
			sourceTree = "<group>";
		};
		7743E18E20C78046008806A3 /* Main */ = {
			isa = PBXGroup;
			children = (
				77EE700120858C830065850D /* AppDelegate.swift */,
				77EE703A2085941A0065850D /* YoutubeAPI.swift */,
			);
			path = Main;
			sourceTree = "<group>";
		};
		77965F4120CB6983006C4E0F /* Controllers */ = {
			isa = PBXGroup;
			children = (
				7743E18C20C78042008806A3 /* HomeVC.swift */,
			);
			path = Controllers;
			sourceTree = "<group>";
		};
		77965F4420CB6B17006C4E0F /* Gernal */ = {
			isa = PBXGroup;
			children = (
				77E2FE6020CB702200FFF34C /* UICollectionViewModel */,
				77E2FE5820CB6E8300FFF34C /* Others */,
				77E2FE5520CB6E4800FFF34C /* print */,
				77E2FE4B20CB6DFA00FFF34C /* Networking */,
				77965F4620CB6B5C006C4E0F /* TableViewModel */,
			);
			path = Gernal;
			sourceTree = "<group>";
		};
		77965F4620CB6B5C006C4E0F /* TableViewModel */ = {
			isa = PBXGroup;
			children = (
				77965F4820CB6B68006C4E0F /* DefaultUITableViewDataSource.swift */,
				77965F4B20CB6B69006C4E0F /* SeparateLineTableViewCell.swift */,
				77965F4A20CB6B69006C4E0F /* SeparateLineTableViewCell.xib */,
				77965F4D20CB6B69006C4E0F /* UITableViewCellModel.swift */,
				77965F4720CB6B68006C4E0F /* UITableViewModel.swift */,
				77965F4C20CB6B69006C4E0F /* UITableViewSectionModel.swift */,
			);
			path = TableViewModel;
			sourceTree = "<group>";
		};
		77E2FE4620CB6D8500FFF34C /* Views */ = {
			isa = PBXGroup;
			children = (
				77E2FE4720CB6DA900FFF34C /* VideoTableViewCell.swift */,
				77E2FE4820CB6DA900FFF34C /* VideoTableViewCell.xib */,
				77E2FE6320CB710900FFF34C /* HomeCollectionViewCell.swift */,
				77E2FE6420CB710900FFF34C /* HomeCollectionViewCell.xib */,
			);
			path = Views;
			sourceTree = "<group>";
		};
		77E2FE4B20CB6DFA00FFF34C /* Networking */ = {
			isa = PBXGroup;
			children = (
				77E2FE4C20CB6E2800FFF34C /* Core */,
			);
			path = Networking;
			sourceTree = "<group>";
		};
		77E2FE4C20CB6E2800FFF34C /* Core */ = {
			isa = PBXGroup;
			children = (
				77E2FE5020CB6E2E00FFF34C /* Networking.swift */,
				77E2FE4E20CB6E2E00FFF34C /* NetworkingError.swift */,
				77E2FE4F20CB6E2E00FFF34C /* ServerMethod.swift */,
				77E2FE4D20CB6E2E00FFF34C /* ServerReturnCode.swift */,
			);
			path = Core;
			sourceTree = "<group>";
		};
		77E2FE5520CB6E4800FFF34C /* print */ = {
			isa = PBXGroup;
			children = (
				77E2FE5620CB6E6900FFF34C /* print.swift */,
			);
			path = print;
			sourceTree = "<group>";
		};
		77E2FE5820CB6E8300FFF34C /* Others */ = {
			isa = PBXGroup;
			children = (
				77E2FE5920CB6E8E00FFF34C /* Dictionary.swift */,
			);
			path = Others;
			sourceTree = "<group>";
		};
		77E2FE5D20CB6FFE00FFF34C /* Model */ = {
			isa = PBXGroup;
			children = (
				77E2FE5B20CB6FCF00FFF34C /* HomeCollectionViewDS.swift */,
				77965F4220CB699C006C4E0F /* HomeTableDataSource.swift */,
				77E2FE5E20CB701800FFF34C /* HomeCollectionViewCellModel.swift */,
			);
			path = Model;
			sourceTree = "<group>";
		};
		77E2FE6020CB702200FFF34C /* UICollectionViewModel */ = {
			isa = PBXGroup;
			children = (
				77E2FE6120CB703F00FFF34C /* UICollectionViewModel.swift */,
				77E2FE6920CB746100FFF34C /* UICollectionViewSectionModel.swift */,
				77E2FE6720CB713900FFF34C /* UICollectionViewCellModel.swift */,
			);
			path = UICollectionViewModel;
			sourceTree = "<group>";
		};
		77E2FE6B20CB77A400FFF34C /* Main */ = {
			isa = PBXGroup;
			children = (
				77EE700A20858C840065850D /* LaunchScreen.storyboard */,
				77EE700520858C830065850D /* Main.storyboard */,
			);
			path = Main;
			sourceTree = "<group>";
		};
		77EE6FF520858C830065850D = {
			isa = PBXGroup;
			children = (
				77EE700020858C830065850D /* Youtube */,
				77EE701520858C840065850D /* YoutubeTests */,
				77EE702020858C840065850D /* YoutubeUITests */,
				77EE6FFF20858C830065850D /* Products */,
				AB6BB12A1E2E412438EFED65 /* Pods */,
				73F7AF87501696A99E26BC69 /* Frameworks */,
			);
			sourceTree = "<group>";
		};
		77EE6FFF20858C830065850D /* Products */ = {
			isa = PBXGroup;
			children = (
				77EE6FFE20858C830065850D /* Youtube.app */,
				77EE701220858C840065850D /* YoutubeTests.xctest */,
				77EE701D20858C840065850D /* YoutubeUITests.xctest */,
			);
			name = Products;
			sourceTree = "<group>";
		};
		77EE700020858C830065850D /* Youtube */ = {
			isa = PBXGroup;
			children = (
				77EE702F20858C8F0065850D /* Source */,
				77EE703020858C950065850D /* IB */,
				77EE703120858CB90065850D /* Resource */,
				7743E1B220C7834A008806A3 /* Info.plist */,
			);
			path = Youtube;
			sourceTree = "<group>";
		};
		77EE701520858C840065850D /* YoutubeTests */ = {
			isa = PBXGroup;
			children = (
				77EE701620858C840065850D /* YoutubeTests.swift */,
				77EE701820858C840065850D /* Info.plist */,
			);
			path = YoutubeTests;
			sourceTree = "<group>";
		};
		77EE702020858C840065850D /* YoutubeUITests */ = {
			isa = PBXGroup;
			children = (
				77EE702120858C840065850D /* YoutubeUITests.swift */,
				77EE702320858C840065850D /* Info.plist */,
			);
			path = YoutubeUITests;
			sourceTree = "<group>";
		};
		77EE702F20858C8F0065850D /* Source */ = {
			isa = PBXGroup;
			children = (
				7743E18E20C78046008806A3 /* Main */,
				77965F4420CB6B17006C4E0F /* Gernal */,
				7743E18B20C78032008806A3 /* Home */,
			);
			path = Source;
			sourceTree = "<group>";
		};
		77EE703020858C950065850D /* IB */ = {
			isa = PBXGroup;
			children = (
				77E2FE6B20CB77A400FFF34C /* Main */,
				7743E19520C781AC008806A3 /* FirstSB.storyboard */,
				7743E19C20C781B9008806A3 /* SecondSB.storyboard */,
				7743E1A320C781C5008806A3 /* ThirdSB.storyboard */,
				7743E1AA20C781CD008806A3 /* FourthSB.storyboard */,
			);
			path = IB;
			sourceTree = "<group>";
		};
		77EE703120858CB90065850D /* Resource */ = {
			isa = PBXGroup;
			children = (
				77EE700820858C840065850D /* Assets.xcassets */,
			);
			path = Resource;
			sourceTree = "<group>";
		};
		AB6BB12A1E2E412438EFED65 /* Pods */ = {
			isa = PBXGroup;
			children = (
				8A6D5B67FA40329C1F2D33BE /* Pods-Youtube.debug.xcconfig */,
				73F126C13255AC9BFE8ED962 /* Pods-Youtube.release.xcconfig */,
				CDBF4834A8306FE9D1E934CF /* Pods-YoutubeTests.debug.xcconfig */,
				80F09FF9C61AFEF65DD6E9AF /* Pods-YoutubeTests.release.xcconfig */,
				F24C49EA7E4252210A557CD6 /* Pods-YoutubeUITests.debug.xcconfig */,
				25D9B6E4DBF697672E5E65B0 /* Pods-YoutubeUITests.release.xcconfig */,
			);
			name = Pods;
			sourceTree = "<group>";
		};
/* End PBXGroup section */

/* Begin PBXNativeTarget section */
		77EE6FFD20858C830065850D /* Youtube */ = {
			isa = PBXNativeTarget;
			buildConfigurationList = 77EE702620858C840065850D /* Build configuration list for PBXNativeTarget "Youtube" */;
			buildPhases = (
				A574CCE40B002D2E6CC0D18C /* [CP] Check Pods Manifest.lock */,
				77EE6FFA20858C830065850D /* Sources */,
				77EE6FFB20858C830065850D /* Frameworks */,
				77EE6FFC20858C830065850D /* Resources */,
				1623B32FE872714A19EFF496 /* [CP] Embed Pods Frameworks */,
				D4BF4245D76FFC88147356FD /* [CP] Copy Pods Resources */,
			);
			buildRules = (
			);
			dependencies = (
			);
			name = Youtube;
			productName = Youtube;
			productReference = 77EE6FFE20858C830065850D /* Youtube.app */;
			productType = "com.apple.product-type.application";
		};
		77EE701120858C840065850D /* YoutubeTests */ = {
			isa = PBXNativeTarget;
			buildConfigurationList = 77EE702920858C840065850D /* Build configuration list for PBXNativeTarget "YoutubeTests" */;
			buildPhases = (
				A43B3D125F9D228E8D9393EE /* [CP] Check Pods Manifest.lock */,
				77EE700E20858C840065850D /* Sources */,
				77EE700F20858C840065850D /* Frameworks */,
				77EE701020858C840065850D /* Resources */,
			);
			buildRules = (
			);
			dependencies = (
				77EE701420858C840065850D /* PBXTargetDependency */,
			);
			name = YoutubeTests;
			productName = YoutubeTests;
			productReference = 77EE701220858C840065850D /* YoutubeTests.xctest */;
			productType = "com.apple.product-type.bundle.unit-test";
		};
		77EE701C20858C840065850D /* YoutubeUITests */ = {
			isa = PBXNativeTarget;
			buildConfigurationList = 77EE702C20858C840065850D /* Build configuration list for PBXNativeTarget "YoutubeUITests" */;
			buildPhases = (
				73A8FB4E970EB699DA8426E1 /* [CP] Check Pods Manifest.lock */,
				77EE701920858C840065850D /* Sources */,
				77EE701A20858C840065850D /* Frameworks */,
				77EE701B20858C840065850D /* Resources */,
			);
			buildRules = (
			);
			dependencies = (
				77EE701F20858C840065850D /* PBXTargetDependency */,
			);
			name = YoutubeUITests;
			productName = YoutubeUITests;
			productReference = 77EE701D20858C840065850D /* YoutubeUITests.xctest */;
			productType = "com.apple.product-type.bundle.ui-testing";
		};
/* End PBXNativeTarget section */

/* Begin PBXProject section */
		77EE6FF620858C830065850D /* Project object */ = {
			isa = PBXProject;
			attributes = {
				LastSwiftUpdateCheck = 0930;
				LastUpgradeCheck = 0930;
				ORGANIZATIONNAME = "Wentong Song";
				TargetAttributes = {
					77EE6FFD20858C830065850D = {
						CreatedOnToolsVersion = 9.3;
					};
					77EE701120858C840065850D = {
						CreatedOnToolsVersion = 9.3;
						TestTargetID = 77EE6FFD20858C830065850D;
					};
					77EE701C20858C840065850D = {
						CreatedOnToolsVersion = 9.3;
						TestTargetID = 77EE6FFD20858C830065850D;
					};
				};
			};
			buildConfigurationList = 77EE6FF920858C830065850D /* Build configuration list for PBXProject "Youtube" */;
			compatibilityVersion = "Xcode 9.3";
			developmentRegion = en;
			hasScannedForEncodings = 0;
			knownRegions = (
				en,
				Base,
				"zh-Hans",
				"zh-Hant",
			);
			mainGroup = 77EE6FF520858C830065850D;
			productRefGroup = 77EE6FFF20858C830065850D /* Products */;
			projectDirPath = "";
			projectRoot = "";
			targets = (
				77EE6FFD20858C830065850D /* Youtube */,
				77EE701120858C840065850D /* YoutubeTests */,
				77EE701C20858C840065850D /* YoutubeUITests */,
			);
		};
/* End PBXProject section */

/* Begin PBXResourcesBuildPhase section */
		77EE6FFC20858C830065850D /* Resources */ = {
			isa = PBXResourcesBuildPhase;
			buildActionMask = 2147483647;
			files = (
				7743E19A20C781B9008806A3 /* SecondSB.storyboard in Resources */,
				77EE700C20858C840065850D /* LaunchScreen.storyboard in Resources */,
				77EE700920858C840065850D /* Assets.xcassets in Resources */,
				7743E19320C781AC008806A3 /* FirstSB.storyboard in Resources */,
				77EE700720858C830065850D /* Main.storyboard in Resources */,
				77E2FE6620CB710900FFF34C /* HomeCollectionViewCell.xib in Resources */,
				7743E1A820C781CD008806A3 /* FourthSB.storyboard in Resources */,
				77965F5120CB6B69006C4E0F /* SeparateLineTableViewCell.xib in Resources */,
				7743E1A120C781C5008806A3 /* ThirdSB.storyboard in Resources */,
				77E2FE4A20CB6DA900FFF34C /* VideoTableViewCell.xib in Resources */,
			);
			runOnlyForDeploymentPostprocessing = 0;
		};
		77EE701020858C840065850D /* Resources */ = {
			isa = PBXResourcesBuildPhase;
			buildActionMask = 2147483647;
			files = (
			);
			runOnlyForDeploymentPostprocessing = 0;
		};
		77EE701B20858C840065850D /* Resources */ = {
			isa = PBXResourcesBuildPhase;
			buildActionMask = 2147483647;
			files = (
			);
			runOnlyForDeploymentPostprocessing = 0;
		};
/* End PBXResourcesBuildPhase section */

/* Begin PBXShellScriptBuildPhase section */
		1623B32FE872714A19EFF496 /* [CP] Embed Pods Frameworks */ = {
			isa = PBXShellScriptBuildPhase;
			buildActionMask = 2147483647;
			files = (
			);
			inputPaths = (
				"${SRCROOT}/Pods/Target Support Files/Pods-Youtube/Pods-Youtube-frameworks.sh",
				"${BUILT_PRODUCTS_DIR}/Alamofire/Alamofire.framework",
				"${BUILT_PRODUCTS_DIR}/GTMOAuth2/GTMOAuth2.framework",
				"${BUILT_PRODUCTS_DIR}/GTMSessionFetcher/GTMSessionFetcher.framework",
				"${BUILT_PRODUCTS_DIR}/GoogleAPIClientForREST/GoogleAPIClientForREST.framework",
				"${BUILT_PRODUCTS_DIR}/GoogleToolboxForMac/GoogleToolboxForMac.framework",
				"${BUILT_PRODUCTS_DIR}/Kingfisher/Kingfisher.framework",
			);
			name = "[CP] Embed Pods Frameworks";
			outputPaths = (
				"${TARGET_BUILD_DIR}/${FRAMEWORKS_FOLDER_PATH}/Alamofire.framework",
				"${TARGET_BUILD_DIR}/${FRAMEWORKS_FOLDER_PATH}/GTMOAuth2.framework",
				"${TARGET_BUILD_DIR}/${FRAMEWORKS_FOLDER_PATH}/GTMSessionFetcher.framework",
				"${TARGET_BUILD_DIR}/${FRAMEWORKS_FOLDER_PATH}/GoogleAPIClientForREST.framework",
				"${TARGET_BUILD_DIR}/${FRAMEWORKS_FOLDER_PATH}/GoogleToolboxForMac.framework",
				"${TARGET_BUILD_DIR}/${FRAMEWORKS_FOLDER_PATH}/Kingfisher.framework",
			);
			runOnlyForDeploymentPostprocessing = 0;
			shellPath = /bin/sh;
			shellScript = "\"${SRCROOT}/Pods/Target Support Files/Pods-Youtube/Pods-Youtube-frameworks.sh\"\n";
			showEnvVarsInLog = 0;
		};
		73A8FB4E970EB699DA8426E1 /* [CP] Check Pods Manifest.lock */ = {
			isa = PBXShellScriptBuildPhase;
			buildActionMask = 2147483647;
			files = (
			);
			inputPaths = (
				"${PODS_PODFILE_DIR_PATH}/Podfile.lock",
				"${PODS_ROOT}/Manifest.lock",
			);
			name = "[CP] Check Pods Manifest.lock";
			outputPaths = (
				"$(DERIVED_FILE_DIR)/Pods-YoutubeUITests-checkManifestLockResult.txt",
			);
			runOnlyForDeploymentPostprocessing = 0;
			shellPath = /bin/sh;
			shellScript = "diff \"${PODS_PODFILE_DIR_PATH}/Podfile.lock\" \"${PODS_ROOT}/Manifest.lock\" > /dev/null\nif [ $? != 0 ] ; then\n    # print error to STDERR\n    echo \"error: The sandbox is not in sync with the Podfile.lock. Run 'pod install' or update your CocoaPods installation.\" >&2\n    exit 1\nfi\n# This output is used by Xcode 'outputs' to avoid re-running this script phase.\necho \"SUCCESS\" > \"${SCRIPT_OUTPUT_FILE_0}\"\n";
			showEnvVarsInLog = 0;
		};
		A43B3D125F9D228E8D9393EE /* [CP] Check Pods Manifest.lock */ = {
			isa = PBXShellScriptBuildPhase;
			buildActionMask = 2147483647;
			files = (
			);
			inputPaths = (
				"${PODS_PODFILE_DIR_PATH}/Podfile.lock",
				"${PODS_ROOT}/Manifest.lock",
			);
			name = "[CP] Check Pods Manifest.lock";
			outputPaths = (
				"$(DERIVED_FILE_DIR)/Pods-YoutubeTests-checkManifestLockResult.txt",
			);
			runOnlyForDeploymentPostprocessing = 0;
			shellPath = /bin/sh;
			shellScript = "diff \"${PODS_PODFILE_DIR_PATH}/Podfile.lock\" \"${PODS_ROOT}/Manifest.lock\" > /dev/null\nif [ $? != 0 ] ; then\n    # print error to STDERR\n    echo \"error: The sandbox is not in sync with the Podfile.lock. Run 'pod install' or update your CocoaPods installation.\" >&2\n    exit 1\nfi\n# This output is used by Xcode 'outputs' to avoid re-running this script phase.\necho \"SUCCESS\" > \"${SCRIPT_OUTPUT_FILE_0}\"\n";
			showEnvVarsInLog = 0;
		};
		A574CCE40B002D2E6CC0D18C /* [CP] Check Pods Manifest.lock */ = {
			isa = PBXShellScriptBuildPhase;
			buildActionMask = 2147483647;
			files = (
			);
			inputPaths = (
				"${PODS_PODFILE_DIR_PATH}/Podfile.lock",
				"${PODS_ROOT}/Manifest.lock",
			);
			name = "[CP] Check Pods Manifest.lock";
			outputPaths = (
				"$(DERIVED_FILE_DIR)/Pods-Youtube-checkManifestLockResult.txt",
			);
			runOnlyForDeploymentPostprocessing = 0;
			shellPath = /bin/sh;
			shellScript = "diff \"${PODS_PODFILE_DIR_PATH}/Podfile.lock\" \"${PODS_ROOT}/Manifest.lock\" > /dev/null\nif [ $? != 0 ] ; then\n    # print error to STDERR\n    echo \"error: The sandbox is not in sync with the Podfile.lock. Run 'pod install' or update your CocoaPods installation.\" >&2\n    exit 1\nfi\n# This output is used by Xcode 'outputs' to avoid re-running this script phase.\necho \"SUCCESS\" > \"${SCRIPT_OUTPUT_FILE_0}\"\n";
			showEnvVarsInLog = 0;
		};
		D4BF4245D76FFC88147356FD /* [CP] Copy Pods Resources */ = {
			isa = PBXShellScriptBuildPhase;
			buildActionMask = 2147483647;
			files = (
			);
			inputPaths = (
				"${SRCROOT}/Pods/Target Support Files/Pods-Youtube/Pods-Youtube-resources.sh",
				"${PODS_ROOT}/GoogleSignIn/Resources/GoogleSignIn.bundle",
			);
			name = "[CP] Copy Pods Resources";
			outputPaths = (
				"${TARGET_BUILD_DIR}/${UNLOCALIZED_RESOURCES_FOLDER_PATH}/GoogleSignIn.bundle",
			);
			runOnlyForDeploymentPostprocessing = 0;
			shellPath = /bin/sh;
			shellScript = "\"${SRCROOT}/Pods/Target Support Files/Pods-Youtube/Pods-Youtube-resources.sh\"\n";
			showEnvVarsInLog = 0;
		};
/* End PBXShellScriptBuildPhase section */

/* Begin PBXSourcesBuildPhase section */
		77EE6FFA20858C830065850D /* Sources */ = {
			isa = PBXSourcesBuildPhase;
			buildActionMask = 2147483647;
			files = (
				77965F4F20CB6B69006C4E0F /* DefaultUITableViewDataSource.swift in Sources */,
				77965F4320CB699C006C4E0F /* HomeTableDataSource.swift in Sources */,
				77E2FE5C20CB6FCF00FFF34C /* HomeCollectionViewDS.swift in Sources */,
				77965F5320CB6B69006C4E0F /* UITableViewSectionModel.swift in Sources */,
				77E2FE5720CB6E6900FFF34C /* print.swift in Sources */,
				77E2FE4920CB6DA900FFF34C /* VideoTableViewCell.swift in Sources */,
				77965F5220CB6B69006C4E0F /* SeparateLineTableViewCell.swift in Sources */,
				77E2FE5220CB6E2E00FFF34C /* NetworkingError.swift in Sources */,
				77E2FE5F20CB701800FFF34C /* HomeCollectionViewCellModel.swift in Sources */,
				77E2FE5420CB6E2E00FFF34C /* Networking.swift in Sources */,
				77E2FE6A20CB746100FFF34C /* UICollectionViewSectionModel.swift in Sources */,
				7743E18D20C78042008806A3 /* HomeVC.swift in Sources */,
				77965F5420CB6B69006C4E0F /* UITableViewCellModel.swift in Sources */,
				77E2FE5120CB6E2E00FFF34C /* ServerReturnCode.swift in Sources */,
				77E2FE5320CB6E2E00FFF34C /* ServerMethod.swift in Sources */,
				77965F4E20CB6B69006C4E0F /* UITableViewModel.swift in Sources */,
				77E2FE6520CB710900FFF34C /* HomeCollectionViewCell.swift in Sources */,
				77EE703B2085941A0065850D /* YoutubeAPI.swift in Sources */,
				77E2FE6220CB703F00FFF34C /* UICollectionViewModel.swift in Sources */,
				77E2FE5A20CB6E8E00FFF34C /* Dictionary.swift in Sources */,
				77E2FE6820CB713900FFF34C /* UICollectionViewCellModel.swift in Sources */,
				77EE700220858C830065850D /* AppDelegate.swift in Sources */,
			);
			runOnlyForDeploymentPostprocessing = 0;
		};
		77EE700E20858C840065850D /* Sources */ = {
			isa = PBXSourcesBuildPhase;
			buildActionMask = 2147483647;
			files = (
				77EE701720858C840065850D /* YoutubeTests.swift in Sources */,
			);
			runOnlyForDeploymentPostprocessing = 0;
		};
		77EE701920858C840065850D /* Sources */ = {
			isa = PBXSourcesBuildPhase;
			buildActionMask = 2147483647;
			files = (
				77EE702220858C840065850D /* YoutubeUITests.swift in Sources */,
			);
			runOnlyForDeploymentPostprocessing = 0;
		};
/* End PBXSourcesBuildPhase section */

/* Begin PBXTargetDependency section */
		77EE701420858C840065850D /* PBXTargetDependency */ = {
			isa = PBXTargetDependency;
			target = 77EE6FFD20858C830065850D /* Youtube */;
			targetProxy = 77EE701320858C840065850D /* PBXContainerItemProxy */;
		};
		77EE701F20858C840065850D /* PBXTargetDependency */ = {
			isa = PBXTargetDependency;
			target = 77EE6FFD20858C830065850D /* Youtube */;
			targetProxy = 77EE701E20858C840065850D /* PBXContainerItemProxy */;
		};
/* End PBXTargetDependency section */

/* Begin PBXVariantGroup section */
		7743E19520C781AC008806A3 /* FirstSB.storyboard */ = {
			isa = PBXVariantGroup;
			children = (
				7743E19420C781AC008806A3 /* Base */,
				7743E19720C781B0008806A3 /* zh-Hans */,
				7743E19920C781B1008806A3 /* zh-Hant */,
			);
			name = FirstSB.storyboard;
			sourceTree = "<group>";
		};
		7743E19C20C781B9008806A3 /* SecondSB.storyboard */ = {
			isa = PBXVariantGroup;
			children = (
				7743E19B20C781B9008806A3 /* Base */,
				7743E19E20C781BB008806A3 /* zh-Hans */,
				7743E1A020C781BF008806A3 /* zh-Hant */,
			);
			name = SecondSB.storyboard;
			sourceTree = "<group>";
		};
		7743E1A320C781C5008806A3 /* ThirdSB.storyboard */ = {
			isa = PBXVariantGroup;
			children = (
				7743E1A220C781C5008806A3 /* Base */,
				7743E1A520C781C8008806A3 /* zh-Hans */,
				7743E1A720C781C9008806A3 /* zh-Hant */,
			);
			name = ThirdSB.storyboard;
			sourceTree = "<group>";
		};
		7743E1AA20C781CD008806A3 /* FourthSB.storyboard */ = {
			isa = PBXVariantGroup;
			children = (
				7743E1A920C781CD008806A3 /* Base */,
				7743E1AC20C781CF008806A3 /* zh-Hans */,
				7743E1AE20C781D0008806A3 /* zh-Hant */,
			);
			name = FourthSB.storyboard;
			sourceTree = "<group>";
		};
		77EE700520858C830065850D /* Main.storyboard */ = {
			isa = PBXVariantGroup;
			children = (
				77EE700620858C830065850D /* Base */,
				7743E19020C78185008806A3 /* zh-Hans */,
				7743E19220C7818A008806A3 /* zh-Hant */,
				7743E1B520C787EB008806A3 /* en */,
			);
			name = Main.storyboard;
			sourceTree = "<group>";
		};
		77EE700A20858C840065850D /* LaunchScreen.storyboard */ = {
			isa = PBXVariantGroup;
			children = (
				77EE700B20858C840065850D /* Base */,
			);
			name = LaunchScreen.storyboard;
			sourceTree = "<group>";
		};
/* End PBXVariantGroup section */

/* Begin XCBuildConfiguration section */
		77EE702420858C840065850D /* Debug */ = {
			isa = XCBuildConfiguration;
			buildSettings = {
				ALWAYS_SEARCH_USER_PATHS = NO;
				CLANG_ANALYZER_LOCALIZABILITY_NONLOCALIZED = YES;
				CLANG_ANALYZER_NONNULL = YES;
				CLANG_ANALYZER_NUMBER_OBJECT_CONVERSION = YES_AGGRESSIVE;
				CLANG_CXX_LANGUAGE_STANDARD = "gnu++14";
				CLANG_CXX_LIBRARY = "libc++";
				CLANG_ENABLE_MODULES = YES;
				CLANG_ENABLE_OBJC_ARC = YES;
				CLANG_ENABLE_OBJC_WEAK = YES;
				CLANG_WARN_BLOCK_CAPTURE_AUTORELEASING = YES;
				CLANG_WARN_BOOL_CONVERSION = YES;
				CLANG_WARN_COMMA = YES;
				CLANG_WARN_CONSTANT_CONVERSION = YES;
				CLANG_WARN_DEPRECATED_OBJC_IMPLEMENTATIONS = YES;
				CLANG_WARN_DIRECT_OBJC_ISA_USAGE = YES_ERROR;
				CLANG_WARN_DOCUMENTATION_COMMENTS = YES;
				CLANG_WARN_EMPTY_BODY = YES;
				CLANG_WARN_ENUM_CONVERSION = YES;
				CLANG_WARN_INFINITE_RECURSION = YES;
				CLANG_WARN_INT_CONVERSION = YES;
				CLANG_WARN_NON_LITERAL_NULL_CONVERSION = YES;
				CLANG_WARN_OBJC_IMPLICIT_RETAIN_SELF = YES;
				CLANG_WARN_OBJC_LITERAL_CONVERSION = YES;
				CLANG_WARN_OBJC_ROOT_CLASS = YES_ERROR;
				CLANG_WARN_RANGE_LOOP_ANALYSIS = YES;
				CLANG_WARN_STRICT_PROTOTYPES = YES;
				CLANG_WARN_SUSPICIOUS_MOVE = YES;
				CLANG_WARN_UNGUARDED_AVAILABILITY = YES_AGGRESSIVE;
				CLANG_WARN_UNREACHABLE_CODE = YES;
				CLANG_WARN__DUPLICATE_METHOD_MATCH = YES;
				CODE_SIGN_IDENTITY = "iPhone Developer";
				COPY_PHASE_STRIP = NO;
				DEBUG_INFORMATION_FORMAT = dwarf;
				ENABLE_STRICT_OBJC_MSGSEND = YES;
				ENABLE_TESTABILITY = YES;
				GCC_C_LANGUAGE_STANDARD = gnu11;
				GCC_DYNAMIC_NO_PIC = NO;
				GCC_NO_COMMON_BLOCKS = YES;
				GCC_OPTIMIZATION_LEVEL = 0;
				GCC_PREPROCESSOR_DEFINITIONS = (
					"DEBUG=1",
					"$(inherited)",
				);
				GCC_WARN_64_TO_32_BIT_CONVERSION = YES;
				GCC_WARN_ABOUT_RETURN_TYPE = YES_ERROR;
				GCC_WARN_UNDECLARED_SELECTOR = YES;
				GCC_WARN_UNINITIALIZED_AUTOS = YES_AGGRESSIVE;
				GCC_WARN_UNUSED_FUNCTION = YES;
				GCC_WARN_UNUSED_VARIABLE = YES;
				IPHONEOS_DEPLOYMENT_TARGET = 11.3;
				MTL_ENABLE_DEBUG_INFO = YES;
				ONLY_ACTIVE_ARCH = YES;
				SDKROOT = iphoneos;
				SWIFT_ACTIVE_COMPILATION_CONDITIONS = DEBUG;
				SWIFT_OPTIMIZATION_LEVEL = "-Onone";
			};
			name = Debug;
		};
		77EE702520858C840065850D /* Release */ = {
			isa = XCBuildConfiguration;
			buildSettings = {
				ALWAYS_SEARCH_USER_PATHS = NO;
				CLANG_ANALYZER_LOCALIZABILITY_NONLOCALIZED = YES;
				CLANG_ANALYZER_NONNULL = YES;
				CLANG_ANALYZER_NUMBER_OBJECT_CONVERSION = YES_AGGRESSIVE;
				CLANG_CXX_LANGUAGE_STANDARD = "gnu++14";
				CLANG_CXX_LIBRARY = "libc++";
				CLANG_ENABLE_MODULES = YES;
				CLANG_ENABLE_OBJC_ARC = YES;
				CLANG_ENABLE_OBJC_WEAK = YES;
				CLANG_WARN_BLOCK_CAPTURE_AUTORELEASING = YES;
				CLANG_WARN_BOOL_CONVERSION = YES;
				CLANG_WARN_COMMA = YES;
				CLANG_WARN_CONSTANT_CONVERSION = YES;
				CLANG_WARN_DEPRECATED_OBJC_IMPLEMENTATIONS = YES;
				CLANG_WARN_DIRECT_OBJC_ISA_USAGE = YES_ERROR;
				CLANG_WARN_DOCUMENTATION_COMMENTS = YES;
				CLANG_WARN_EMPTY_BODY = YES;
				CLANG_WARN_ENUM_CONVERSION = YES;
				CLANG_WARN_INFINITE_RECURSION = YES;
				CLANG_WARN_INT_CONVERSION = YES;
				CLANG_WARN_NON_LITERAL_NULL_CONVERSION = YES;
				CLANG_WARN_OBJC_IMPLICIT_RETAIN_SELF = YES;
				CLANG_WARN_OBJC_LITERAL_CONVERSION = YES;
				CLANG_WARN_OBJC_ROOT_CLASS = YES_ERROR;
				CLANG_WARN_RANGE_LOOP_ANALYSIS = YES;
				CLANG_WARN_STRICT_PROTOTYPES = YES;
				CLANG_WARN_SUSPICIOUS_MOVE = YES;
				CLANG_WARN_UNGUARDED_AVAILABILITY = YES_AGGRESSIVE;
				CLANG_WARN_UNREACHABLE_CODE = YES;
				CLANG_WARN__DUPLICATE_METHOD_MATCH = YES;
				CODE_SIGN_IDENTITY = "iPhone Developer";
				COPY_PHASE_STRIP = NO;
				DEBUG_INFORMATION_FORMAT = "dwarf-with-dsym";
				ENABLE_NS_ASSERTIONS = NO;
				ENABLE_STRICT_OBJC_MSGSEND = YES;
				GCC_C_LANGUAGE_STANDARD = gnu11;
				GCC_NO_COMMON_BLOCKS = YES;
				GCC_WARN_64_TO_32_BIT_CONVERSION = YES;
				GCC_WARN_ABOUT_RETURN_TYPE = YES_ERROR;
				GCC_WARN_UNDECLARED_SELECTOR = YES;
				GCC_WARN_UNINITIALIZED_AUTOS = YES_AGGRESSIVE;
				GCC_WARN_UNUSED_FUNCTION = YES;
				GCC_WARN_UNUSED_VARIABLE = YES;
				IPHONEOS_DEPLOYMENT_TARGET = 11.3;
				MTL_ENABLE_DEBUG_INFO = NO;
				SDKROOT = iphoneos;
				SWIFT_COMPILATION_MODE = wholemodule;
				SWIFT_OPTIMIZATION_LEVEL = "-O";
				VALIDATE_PRODUCT = YES;
			};
			name = Release;
		};
		77EE702720858C840065850D /* Debug */ = {
			isa = XCBuildConfiguration;
			baseConfigurationReference = 8A6D5B67FA40329C1F2D33BE /* Pods-Youtube.debug.xcconfig */;
			buildSettings = {
				ASSETCATALOG_COMPILER_APPICON_NAME = AppIcon;
				CODE_SIGN_STYLE = Automatic;
				INFOPLIST_FILE = Youtube/Info.plist;
				IPHONEOS_DEPLOYMENT_TARGET = 9.0;
				LD_RUNPATH_SEARCH_PATHS = (
					"$(inherited)",
					"@executable_path/Frameworks",
				);
				PRODUCT_BUNDLE_IDENTIFIER = com.abc.Youtube;
				PRODUCT_NAME = "$(TARGET_NAME)";
				SWIFT_VERSION = 4.0;
				TARGETED_DEVICE_FAMILY = "1,2";
			};
			name = Debug;
		};
		77EE702820858C840065850D /* Release */ = {
			isa = XCBuildConfiguration;
			baseConfigurationReference = 73F126C13255AC9BFE8ED962 /* Pods-Youtube.release.xcconfig */;
			buildSettings = {
				ASSETCATALOG_COMPILER_APPICON_NAME = AppIcon;
				CODE_SIGN_STYLE = Automatic;
				INFOPLIST_FILE = Youtube/Info.plist;
				IPHONEOS_DEPLOYMENT_TARGET = 9.0;
				LD_RUNPATH_SEARCH_PATHS = (
					"$(inherited)",
					"@executable_path/Frameworks",
				);
				PRODUCT_BUNDLE_IDENTIFIER = com.abc.Youtube;
				PRODUCT_NAME = "$(TARGET_NAME)";
				SWIFT_VERSION = 4.0;
				TARGETED_DEVICE_FAMILY = "1,2";
			};
			name = Release;
		};
		77EE702A20858C840065850D /* Debug */ = {
			isa = XCBuildConfiguration;
			baseConfigurationReference = CDBF4834A8306FE9D1E934CF /* Pods-YoutubeTests.debug.xcconfig */;
			buildSettings = {
				ALWAYS_EMBED_SWIFT_STANDARD_LIBRARIES = YES;
				BUNDLE_LOADER = "$(TEST_HOST)";
				CODE_SIGN_STYLE = Automatic;
				INFOPLIST_FILE = YoutubeTests/Info.plist;
				LD_RUNPATH_SEARCH_PATHS = (
					"$(inherited)",
					"@executable_path/Frameworks",
					"@loader_path/Frameworks",
				);
				PRODUCT_BUNDLE_IDENTIFIER = com.abc.YoutubeTests;
				PRODUCT_NAME = "$(TARGET_NAME)";
				SWIFT_VERSION = 4.0;
				TARGETED_DEVICE_FAMILY = "1,2";
				TEST_HOST = "$(BUILT_PRODUCTS_DIR)/Youtube.app/Youtube";
			};
			name = Debug;
		};
		77EE702B20858C840065850D /* Release */ = {
			isa = XCBuildConfiguration;
			baseConfigurationReference = 80F09FF9C61AFEF65DD6E9AF /* Pods-YoutubeTests.release.xcconfig */;
			buildSettings = {
				ALWAYS_EMBED_SWIFT_STANDARD_LIBRARIES = YES;
				BUNDLE_LOADER = "$(TEST_HOST)";
				CODE_SIGN_STYLE = Automatic;
				INFOPLIST_FILE = YoutubeTests/Info.plist;
				LD_RUNPATH_SEARCH_PATHS = (
					"$(inherited)",
					"@executable_path/Frameworks",
					"@loader_path/Frameworks",
				);
				PRODUCT_BUNDLE_IDENTIFIER = com.abc.YoutubeTests;
				PRODUCT_NAME = "$(TARGET_NAME)";
				SWIFT_VERSION = 4.0;
				TARGETED_DEVICE_FAMILY = "1,2";
				TEST_HOST = "$(BUILT_PRODUCTS_DIR)/Youtube.app/Youtube";
			};
			name = Release;
		};
		77EE702D20858C840065850D /* Debug */ = {
			isa = XCBuildConfiguration;
			baseConfigurationReference = F24C49EA7E4252210A557CD6 /* Pods-YoutubeUITests.debug.xcconfig */;
			buildSettings = {
				ALWAYS_EMBED_SWIFT_STANDARD_LIBRARIES = YES;
				CODE_SIGN_STYLE = Automatic;
				INFOPLIST_FILE = YoutubeUITests/Info.plist;
				LD_RUNPATH_SEARCH_PATHS = (
					"$(inherited)",
					"@executable_path/Frameworks",
					"@loader_path/Frameworks",
				);
				PRODUCT_BUNDLE_IDENTIFIER = com.abc.YoutubeUITests;
				PRODUCT_NAME = "$(TARGET_NAME)";
				SWIFT_VERSION = 4.0;
				TARGETED_DEVICE_FAMILY = "1,2";
				TEST_TARGET_NAME = Youtube;
			};
			name = Debug;
		};
		77EE702E20858C840065850D /* Release */ = {
			isa = XCBuildConfiguration;
			baseConfigurationReference = 25D9B6E4DBF697672E5E65B0 /* Pods-YoutubeUITests.release.xcconfig */;
			buildSettings = {
				ALWAYS_EMBED_SWIFT_STANDARD_LIBRARIES = YES;
				CODE_SIGN_STYLE = Automatic;
				INFOPLIST_FILE = YoutubeUITests/Info.plist;
				LD_RUNPATH_SEARCH_PATHS = (
					"$(inherited)",
					"@executable_path/Frameworks",
					"@loader_path/Frameworks",
				);
				PRODUCT_BUNDLE_IDENTIFIER = com.abc.YoutubeUITests;
				PRODUCT_NAME = "$(TARGET_NAME)";
				SWIFT_VERSION = 4.0;
				TARGETED_DEVICE_FAMILY = "1,2";
				TEST_TARGET_NAME = Youtube;
			};
			name = Release;
		};
/* End XCBuildConfiguration section */

/* Begin XCConfigurationList section */
		77EE6FF920858C830065850D /* Build configuration list for PBXProject "Youtube" */ = {
			isa = XCConfigurationList;
			buildConfigurations = (
				77EE702420858C840065850D /* Debug */,
				77EE702520858C840065850D /* Release */,
			);
			defaultConfigurationIsVisible = 0;
			defaultConfigurationName = Release;
		};
		77EE702620858C840065850D /* Build configuration list for PBXNativeTarget "Youtube" */ = {
			isa = XCConfigurationList;
			buildConfigurations = (
				77EE702720858C840065850D /* Debug */,
				77EE702820858C840065850D /* Release */,
			);
			defaultConfigurationIsVisible = 0;
			defaultConfigurationName = Release;
		};
		77EE702920858C840065850D /* Build configuration list for PBXNativeTarget "YoutubeTests" */ = {
			isa = XCConfigurationList;
			buildConfigurations = (
				77EE702A20858C840065850D /* Debug */,
				77EE702B20858C840065850D /* Release */,
			);
			defaultConfigurationIsVisible = 0;
			defaultConfigurationName = Release;
		};
		77EE702C20858C840065850D /* Build configuration list for PBXNativeTarget "YoutubeUITests" */ = {
			isa = XCConfigurationList;
			buildConfigurations = (
				77EE702D20858C840065850D /* Debug */,
				77EE702E20858C840065850D /* Release */,
			);
			defaultConfigurationIsVisible = 0;
			defaultConfigurationName = Release;
		};
/* End XCConfigurationList section */
	};
	rootObject = 77EE6FF620858C830065850D /* Project object */;
}
